
Microsoft Visual Studio Solution File, Format Version 12.00
# Visual Studio Version 16
VisualStudioVersion = 16.0.32002.261
MinimumVisualStudioVersion = 10.0.40219.1
Project("{FAE04EC0-301F-11D3-BF4B-00C04F79EFBC}") = "WebApplication2", "WebApplication2\WebApplication2.csproj", "{FC7020B4-5D4B-4602-BDDF-B6772061551E}"
EndProject
Global
	GlobalSection(SolutionConfigurationPlatforms) = preSolution
		Debug|Any CPU = Debug|Any CPU
		Release|Any CPU = Release|Any CPU
	EndGlobalSection
	GlobalSection(ProjectConfigurationPlatforms) = postSolution
		{FC7020B4-5D4B-4602-BDDF-B6772061551E}.Debug|Any CPU.ActiveCfg = Debug|Any CPU
		{FC7020B4-5D4B-4602-BDDF-B6772061551E}.Debug|Any CPU.Build.0 = Debug|Any CPU
		{FC7020B4-5D4B-4602-BDDF-B6772061551E}.Release|Any CPU.ActiveCfg = Release|Any CPU
		{FC7020B4-5D4B-4602-BDDF-B6772061551E}.Release|Any CPU.Build.0 = Release|Any CPU
	EndGlobalSection
	GlobalSection(SolutionProperties) = preSolution
		HideSolutionNode = FALSE
	EndGlobalSection
	GlobalSection(ExtensibilityGlobals) = postSolution
		SolutionGuid = {EBF52BEF-0620-4853-A0DA-EA612962865B}
	EndGlobalSection
EndGlobal
